
Microsoft Visual Studio Solution File, Format Version 12.00
# Visual Studio Version 17
VisualStudioVersion = 17.3.32819.101
MinimumVisualStudioVersion = 10.0.40219.1
Project("{2150E333-8FDC-42A3-9474-1A3956D46DE8}") = "Client", "Client", "{186E4D73-9855-4914-BC0B-90C595C93951}"
EndProject
Project("{2150E333-8FDC-42A3-9474-1A3956D46DE8}") = "Server", "Server", "{5B0B2711-667E-4A57-A515-70BB7A941205}"
EndProject
Project("{9A19103F-16F7-4668-BE54-9A1E7A4F7556}") = "AplicacaoPoo.Dominio", "server\AplicacaoPoo.Dominio\AplicacaoPoo.Dominio.csproj", "{7D5A7BB9-6A25-481E-A289-D09814EC90CA}"
EndProject
Project("{FAE04EC0-301F-11D3-BF4B-00C04F79EFBC}") = "AplicacaoPoo.Windows", "client\AplicacaoPoo.Windows\AplicacaoPoo.Windows.csproj", "{A453ED42-1BE4-4543-B788-E36E57201EE4}"
EndProject
Global
	GlobalSection(SolutionConfigurationPlatforms) = preSolution
		Debug|Any CPU = Debug|Any CPU
		Release|Any CPU = Release|Any CPU
	EndGlobalSection
	GlobalSection(ProjectConfigurationPlatforms) = postSolution
		{7D5A7BB9-6A25-481E-A289-D09814EC90CA}.Debug|Any CPU.ActiveCfg = Debug|Any CPU
		{7D5A7BB9-6A25-481E-A289-D09814EC90CA}.Debug|Any CPU.Build.0 = Debug|Any CPU
		{7D5A7BB9-6A25-481E-A289-D09814EC90CA}.Release|Any CPU.ActiveCfg = Release|Any CPU
		{7D5A7BB9-6A25-481E-A289-D09814EC90CA}.Release|Any CPU.Build.0 = Release|Any CPU
		{A453ED42-1BE4-4543-B788-E36E57201EE4}.Debug|Any CPU.ActiveCfg = Debug|Any CPU
		{A453ED42-1BE4-4543-B788-E36E57201EE4}.Debug|Any CPU.Build.0 = Debug|Any CPU
		{A453ED42-1BE4-4543-B788-E36E57201EE4}.Release|Any CPU.ActiveCfg = Release|Any CPU
		{A453ED42-1BE4-4543-B788-E36E57201EE4}.Release|Any CPU.Build.0 = Release|Any CPU
	EndGlobalSection
	GlobalSection(SolutionProperties) = preSolution
		HideSolutionNode = FALSE
	EndGlobalSection
	GlobalSection(NestedProjects) = preSolution
		{7D5A7BB9-6A25-481E-A289-D09814EC90CA} = {5B0B2711-667E-4A57-A515-70BB7A941205}
		{A453ED42-1BE4-4543-B788-E36E57201EE4} = {186E4D73-9855-4914-BC0B-90C595C93951}
	EndGlobalSection
	GlobalSection(ExtensibilityGlobals) = postSolution
		SolutionGuid = {FFBAB2F5-0980-4AE7-82FC-1D2812BED837}
	EndGlobalSection
EndGlobal
